
Microsoft Visual Studio Solution File, Format Version 12.00
# Visual Studio Version 16
VisualStudioVersion = 16.0.29509.3
MinimumVisualStudioVersion = 10.0.40219.1
Project("{FAE04EC0-301F-11D3-BF4B-00C04F79EFBC}") = "Test", "Test\Test.csproj", "{75AE7F48-F375-463B-A47B-2B2905D41EAF}"
EndProject
Global
	GlobalSection(SolutionConfigurationPlatforms) = preSolution
		Debug|Any CPU = Debug|Any CPU
		Release|Any CPU = Release|Any CPU
	EndGlobalSection
	GlobalSection(ProjectConfigurationPlatforms) = postSolution
		{75AE7F48-F375-463B-A47B-2B2905D41EAF}.Debug|Any CPU.ActiveCfg = Debug|Any CPU
		{75AE7F48-F375-463B-A47B-2B2905D41EAF}.Debug|Any CPU.Build.0 = Debug|Any CPU
		{75AE7F48-F375-463B-A47B-2B2905D41EAF}.Release|Any CPU.ActiveCfg = Release|Any CPU
		{75AE7F48-F375-463B-A47B-2B2905D41EAF}.Release|Any CPU.Build.0 = Release|Any CPU
	EndGlobalSection
	GlobalSection(SolutionProperties) = preSolution
		HideSolutionNode = FALSE
	EndGlobalSection
	GlobalSection(ExtensibilityGlobals) = postSolution
		SolutionGuid = {0800DDA4-33D2-47C1-8CE9-4A49BA397C76}
	EndGlobalSection
EndGlobal
